
Microsoft Visual Studio Solution File, Format Version 12.00
# Visual Studio 15
VisualStudioVersion = 15.0.27130.2027
MinimumVisualStudioVersion = 10.0.40219.1
Project("{FAE04EC0-301F-11D3-BF4B-00C04F79EFBC}") = "Bank", "Bank\Bank.csproj", "{0B3054BE-A2B0-419A-BE1D-EE498D56621A}"
EndProject
Global
	GlobalSection(SolutionConfigurationPlatforms) = preSolution
		Debug|Any CPU = Debug|Any CPU
		Release|Any CPU = Release|Any CPU
	EndGlobalSection
	GlobalSection(ProjectConfigurationPlatforms) = postSolution
		{0B3054BE-A2B0-419A-BE1D-EE498D56621A}.Debug|Any CPU.ActiveCfg = Debug|Any CPU
		{0B3054BE-A2B0-419A-BE1D-EE498D56621A}.Debug|Any CPU.Build.0 = Debug|Any CPU
		{0B3054BE-A2B0-419A-BE1D-EE498D56621A}.Release|Any CPU.ActiveCfg = Release|Any CPU
		{0B3054BE-A2B0-419A-BE1D-EE498D56621A}.Release|Any CPU.Build.0 = Release|Any CPU
	EndGlobalSection
	GlobalSection(SolutionProperties) = preSolution
		HideSolutionNode = FALSE
	EndGlobalSection
	GlobalSection(ExtensibilityGlobals) = postSolution
		SolutionGuid = {9988ACEE-6047-4FE8-933D-D3007A21AE36}
	EndGlobalSection
EndGlobal
